
Microsoft Visual Studio Solution File, Format Version 12.00
# Visual Studio Version 16
VisualStudioVersion = 16.0.28917.181
MinimumVisualStudioVersion = 10.0.40219.1
Project("{FAE04EC0-301F-11D3-BF4B-00C04F79EFBC}") = "AGP2P", "AGP2P\AGP2P.csproj", "{F5914DD8-98F6-4059-99C1-302FFC204605}"
EndProject
Global
	GlobalSection(SolutionConfigurationPlatforms) = preSolution
		Debug|Any CPU = Debug|Any CPU
		Release|Any CPU = Release|Any CPU
	EndGlobalSection
	GlobalSection(ProjectConfigurationPlatforms) = postSolution
		{F5914DD8-98F6-4059-99C1-302FFC204605}.Debug|Any CPU.ActiveCfg = Debug|Any CPU
		{F5914DD8-98F6-4059-99C1-302FFC204605}.Debug|Any CPU.Build.0 = Debug|Any CPU
		{F5914DD8-98F6-4059-99C1-302FFC204605}.Release|Any CPU.ActiveCfg = Release|Any CPU
		{F5914DD8-98F6-4059-99C1-302FFC204605}.Release|Any CPU.Build.0 = Release|Any CPU
	EndGlobalSection
	GlobalSection(SolutionProperties) = preSolution
		HideSolutionNode = FALSE
	EndGlobalSection
	GlobalSection(ExtensibilityGlobals) = postSolution
		SolutionGuid = {B90C3FB9-8E7E-4D13-A2FB-47A7E992BF68}
	EndGlobalSection
EndGlobal
